
Microsoft Visual Studio Solution File, Format Version 12.00
# Visual Studio Version 17
VisualStudioVersion = 17.5.33502.453
MinimumVisualStudioVersion = 10.0.40219.1
Project("{FAE04EC0-301F-11D3-BF4B-00C04F79EFBC}") = "TreeSimple", "TreeSimple.csproj", "{B30A0034-814B-4CD1-B810-78CA1D370F78}"
EndProject
Global
	GlobalSection(SolutionConfigurationPlatforms) = preSolution
		Debug|Any CPU = Debug|Any CPU
		Release|Any CPU = Release|Any CPU
	EndGlobalSection
	GlobalSection(ProjectConfigurationPlatforms) = postSolution
		{B30A0034-814B-4CD1-B810-78CA1D370F78}.Debug|Any CPU.ActiveCfg = Debug|Any CPU
		{B30A0034-814B-4CD1-B810-78CA1D370F78}.Debug|Any CPU.Build.0 = Debug|Any CPU
		{B30A0034-814B-4CD1-B810-78CA1D370F78}.Release|Any CPU.ActiveCfg = Release|Any CPU
		{B30A0034-814B-4CD1-B810-78CA1D370F78}.Release|Any CPU.Build.0 = Release|Any CPU
	EndGlobalSection
	GlobalSection(SolutionProperties) = preSolution
		HideSolutionNode = FALSE
	EndGlobalSection
	GlobalSection(ExtensibilityGlobals) = postSolution
		SolutionGuid = {6F774024-8CF0-4AFC-903A-8BAC95DA9236}
	EndGlobalSection
EndGlobal
